
Microsoft Visual Studio Solution File, Format Version 12.00
# Visual Studio Version 17
VisualStudioVersion = 17.3.32929.385
MinimumVisualStudioVersion = 10.0.40219.1
Project("{FAE04EC0-301F-11D3-BF4B-00C04F79EFBC}") = "PriorityQueue", "PriorityQueue\PriorityQueue.csproj", "{BF37E639-5285-4673-9799-3B0F821D87E5}"
EndProject
Global
	GlobalSection(SolutionConfigurationPlatforms) = preSolution
		Debug|Any CPU = Debug|Any CPU
		Release|Any CPU = Release|Any CPU
	EndGlobalSection
	GlobalSection(ProjectConfigurationPlatforms) = postSolution
		{BF37E639-5285-4673-9799-3B0F821D87E5}.Debug|Any CPU.ActiveCfg = Debug|Any CPU
		{BF37E639-5285-4673-9799-3B0F821D87E5}.Debug|Any CPU.Build.0 = Debug|Any CPU
		{BF37E639-5285-4673-9799-3B0F821D87E5}.Release|Any CPU.ActiveCfg = Release|Any CPU
		{BF37E639-5285-4673-9799-3B0F821D87E5}.Release|Any CPU.Build.0 = Release|Any CPU
	EndGlobalSection
	GlobalSection(SolutionProperties) = preSolution
		HideSolutionNode = FALSE
	EndGlobalSection
	GlobalSection(ExtensibilityGlobals) = postSolution
		SolutionGuid = {98D85DED-356C-47C2-A5E6-9A21410C0F04}
	EndGlobalSection
EndGlobal
